
Microsoft Visual Studio Solution File, Format Version 12.00
# Visual Studio Version 17
VisualStudioVersion = 17.2.32616.157
MinimumVisualStudioVersion = 10.0.40219.1
Project("{FAE04EC0-301F-11D3-BF4B-00C04F79EFBC}") = "CleanArchitecture.ConsoleApp", "CleanArchitecture.ConsoleApp\CleanArchitecture.ConsoleApp.csproj", "{C046743F-DDC1-432A-8636-CECC0EABD0D8}"
EndProject
Project("{FAE04EC0-301F-11D3-BF4B-00C04F79EFBC}") = "CleanArchitecture.Data", "CleanArchitecture.Data\CleanArchitecture.Data.csproj", "{405BFDD7-A807-49D8-BA70-EBD4517D168B}"
EndProject
Project("{FAE04EC0-301F-11D3-BF4B-00C04F79EFBC}") = "CleanArchitecture.Domain", "CleanArchitecture.Domain\CleanArchitecture.Domain.csproj", "{66AED6B9-40E8-40A7-B446-6D201DE8FC19}"
EndProject
Global
	GlobalSection(SolutionConfigurationPlatforms) = preSolution
		Debug|Any CPU = Debug|Any CPU
		Release|Any CPU = Release|Any CPU
	EndGlobalSection
	GlobalSection(ProjectConfigurationPlatforms) = postSolution
		{C046743F-DDC1-432A-8636-CECC0EABD0D8}.Debug|Any CPU.ActiveCfg = Debug|Any CPU
		{C046743F-DDC1-432A-8636-CECC0EABD0D8}.Debug|Any CPU.Build.0 = Debug|Any CPU
		{C046743F-DDC1-432A-8636-CECC0EABD0D8}.Release|Any CPU.ActiveCfg = Release|Any CPU
		{C046743F-DDC1-432A-8636-CECC0EABD0D8}.Release|Any CPU.Build.0 = Release|Any CPU
		{405BFDD7-A807-49D8-BA70-EBD4517D168B}.Debug|Any CPU.ActiveCfg = Debug|Any CPU
		{405BFDD7-A807-49D8-BA70-EBD4517D168B}.Debug|Any CPU.Build.0 = Debug|Any CPU
		{405BFDD7-A807-49D8-BA70-EBD4517D168B}.Release|Any CPU.ActiveCfg = Release|Any CPU
		{405BFDD7-A807-49D8-BA70-EBD4517D168B}.Release|Any CPU.Build.0 = Release|Any CPU
		{66AED6B9-40E8-40A7-B446-6D201DE8FC19}.Debug|Any CPU.ActiveCfg = Debug|Any CPU
		{66AED6B9-40E8-40A7-B446-6D201DE8FC19}.Debug|Any CPU.Build.0 = Debug|Any CPU
		{66AED6B9-40E8-40A7-B446-6D201DE8FC19}.Release|Any CPU.ActiveCfg = Release|Any CPU
		{66AED6B9-40E8-40A7-B446-6D201DE8FC19}.Release|Any CPU.Build.0 = Release|Any CPU
	EndGlobalSection
	GlobalSection(SolutionProperties) = preSolution
		HideSolutionNode = FALSE
	EndGlobalSection
	GlobalSection(ExtensibilityGlobals) = postSolution
		SolutionGuid = {DEDF9801-AB59-4884-A03A-7BA8C4C464FF}
	EndGlobalSection
EndGlobal
